lockfileVersion: '6.0'

settings:
  autoInstallPeers: true
  excludeLinksFromLockfile: false

dependencies:
  '@ffmpeg/ffmpeg':
    specifier: ^0.12.10
    version: 0.12.10
  '@ffmpeg/types':
    specifier: ^0.12.2
    version: 0.12.2
  '@ffmpeg/util':
    specifier: ^0.12.1
    version: 0.12.1
  '@tweakpane/core':
    specifier: ^2.0.3
    version: 2.0.3
  '@tweakpane/plugin-essentials':
    specifier: ^0.2.1
    version: 0.2.1(tweakpane@4.0.3)
  d3-color:
    specifier: ^3.1.0
    version: 3.1.0
  d3-scale-chromatic:
    specifier: ^3.0.0
    version: 3.0.0
  tweakpane:
    specifier: ^4.0.3
    version: 4.0.3

devDependencies:
  '@types/d3-color':
    specifier: ^3.1.3
    version: 3.1.3
  '@types/d3-scale-chromatic':
    specifier: ^3.0.3
    version: 3.0.3

packages:

  /@ffmpeg/ffmpeg@0.12.10:
    resolution: {integrity: sha512-lVtk8PW8e+NUzGZhPTWj2P1J4/NyuCrbDD3O9IGpSeLYtUZKBqZO8CNj1WYGghep/MXoM8e1qVY1GztTkf8YYQ==}
    engines: {node: '>=18.x'}
    dependencies:
      '@ffmpeg/types': 0.12.2
    dev: false

  /@ffmpeg/types@0.12.2:
    resolution: {integrity: sha512-NJtxwPoLb60/z1Klv0ueshguWQ/7mNm106qdHkB4HL49LXszjhjCCiL+ldHJGQ9ai2Igx0s4F24ghigy//ERdA==}
    engines: {node: '>=16.x'}
    dev: false

  /@ffmpeg/util@0.12.1:
    resolution: {integrity: sha512-10jjfAKWaDyb8+nAkijcsi9wgz/y26LOc1NKJradNMyCIl6usQcBbhkjX5qhALrSBcOy6TOeksunTYa+a03qNQ==}
    engines: {node: '>=18.x'}
    dev: false

  /@tweakpane/core@2.0.3:
    resolution: {integrity: sha512-qHci4XA1Wngpwy8IzsLh5JEdscz8aDti/9YhyOaq01si+cgNDaZfwzTtXdn1+xTxSnCM+pW4Zb2/4eqn+K1ATw==}
    dev: false

  /@tweakpane/plugin-essentials@0.2.1(tweakpane@4.0.3):
    resolution: {integrity: sha512-VbFU1/uD+CJNFQdfLXUOLjeG5HyUZH97Ox9CxmyVetg1hqjVun3C83HAGFULyhKzl8tSgii8jr304r8QpdHwzQ==}
    peerDependencies:
      tweakpane: ^4.0.0
    dependencies:
      tweakpane: 4.0.3
    dev: false

  /@types/d3-color@3.1.3:
    resolution: {integrity: sha512-iO90scth9WAbmgv7ogoq57O9YpKmFBbmoEoCHDB2xMBY0+/KVrqAaCDyCE16dUspeOvIxFFRI+0sEtqDqy2b4A==}
    dev: true

  /@types/d3-scale-chromatic@3.0.3:
    resolution: {integrity: sha512-laXM4+1o5ImZv3RpFAsTRn3TEkzqkytiOY0Dz0sq5cnd1dtNlk6sHLon4OvqaiJb28T0S/TdsBI3Sjsy+keJrw==}
    dev: true

  /d3-color@3.1.0:
    resolution: {integrity: sha512-zg/chbXyeBtMQ1LbD/WSoW2DpC3I0mpmPdW+ynRTj/x2DAWYrIY7qeZIHidozwV24m4iavr15lNwIwLxRmOxhA==}
    engines: {node: '>=12'}
    dev: false

  /d3-interpolate@3.0.1:
    resolution: {integrity: sha512-3bYs1rOD33uo8aqJfKP3JWPAibgw8Zm2+L9vBKEHJ2Rg+viTR7o5Mmv5mZcieN+FRYaAOWX5SJATX6k1PWz72g==}
    engines: {node: '>=12'}
    dependencies:
      d3-color: 3.1.0
    dev: false

  /d3-scale-chromatic@3.0.0:
    resolution: {integrity: sha512-Lx9thtxAKrO2Pq6OO2Ua474opeziKr279P/TKZsMAhYyNDD3EnCffdbgeSYN5O7m2ByQsxtuP2CSDczNUIZ22g==}
    engines: {node: '>=12'}
    dependencies:
      d3-color: 3.1.0
      d3-interpolate: 3.0.1
    dev: false

  /tweakpane@4.0.3:
    resolution: {integrity: sha512-BlcWOAe8oe4c+k9pmLBARGdWB6MVZMszayekkixQXTgkxTaYoTUpHpwVEp+3HkoamZkomodpbBf0CkguIHTgLg==}
    dev: false
